// !$*UTF8*$!
{
	archiveVersion = 1;
	classes = {
	};
	objectVersion = 50;
	objects = {

/* Begin PBXBuildFile section */
		2BD8630A219B702300F10CF1 /* AppDelegate.swift in Sources */ = {isa = PBXBuildFile; fileRef = 2BD86309219B702300F10CF1 /* AppDelegate.swift */; };
		2BD8630C219B702300F10CF1 /* ViewController.swift in Sources */ = {isa = PBXBuildFile; fileRef = 2BD8630B219B702300F10CF1 /* ViewController.swift */; };
		2BD8630F219B702300F10CF1 /* Main.storyboard in Resources */ = {isa = PBXBuildFile; fileRef = 2BD8630D219B702300F10CF1 /* Main.storyboard */; };
		2BD86314219B702400F10CF1 /* LaunchScreen.storyboard in Resources */ = {isa = PBXBuildFile; fileRef = 2BD86312219B702400F10CF1 /* LaunchScreen.storyboard */; };
		2BD8631C219B710D00F10CF1 /* Song.swift in Sources */ = {isa = PBXBuildFile; fileRef = 2BD8631B219B710D00F10CF1 /* Song.swift */; };
		2BD8631E219B8BCC00F10CF1 /* CustomCell.swift in Sources */ = {isa = PBXBuildFile; fileRef = 2BD8631D219B8BCC00F10CF1 /* CustomCell.swift */; };
		2BD86320219B8E5600F10CF1 /* DB.swift in Sources */ = {isa = PBXBuildFile; fileRef = 2BD8631F219B8E5600F10CF1 /* DB.swift */; };
		2BD86322219B92A200F10CF1 /* Player.swift in Sources */ = {isa = PBXBuildFile; fileRef = 2BD86321219B92A200F10CF1 /* Player.swift */; };
		2BD86324219B9B0000F10CF1 /* Assets.xcassets in Resources */ = {isa = PBXBuildFile; fileRef = 2BD86323219B9B0000F10CF1 /* Assets.xcassets */; };
		2BD86328219B9B4F00F10CF1 /* 0.mp3 in Resources */ = {isa = PBXBuildFile; fileRef = 2BD86325219B9B4F00F10CF1 /* 0.mp3 */; };
		2BD86329219B9B4F00F10CF1 /* 1.mp3 in Resources */ = {isa = PBXBuildFile; fileRef = 2BD86326219B9B4F00F10CF1 /* 1.mp3 */; };
		2BD8632A219B9B4F00F10CF1 /* 2.mp3 in Resources */ = {isa = PBXBuildFile; fileRef = 2BD86327219B9B4F00F10CF1 /* 2.mp3 */; };
/* End PBXBuildFile section */

/* Begin PBXFileReference section */
		2BD86306219B702300F10CF1 /* SO 53201581.app */ = {isa = PBXFileReference; explicitFileType = wrapper.application; includeInIndex = 0; path = "SO 53201581.app"; sourceTree = BUILT_PRODUCTS_DIR; };
		2BD86309219B702300F10CF1 /* AppDelegate.swift */ = {isa = PBXFileReference; lastKnownFileType = sourcecode.swift; path = AppDelegate.swift; sourceTree = "<group>"; };
		2BD8630B219B702300F10CF1 /* ViewController.swift */ = {isa = PBXFileReference; lastKnownFileType = sourcecode.swift; path = ViewController.swift; sourceTree = "<group>"; };
		2BD8630E219B702300F10CF1 /* Base */ = {isa = PBXFileReference; lastKnownFileType = file.storyboard; name = Base; path = Base.lproj/Main.storyboard; sourceTree = "<group>"; };
		2BD86313219B702400F10CF1 /* Base */ = {isa = PBXFileReference; lastKnownFileType = file.storyboard; name = Base; path = Base.lproj/LaunchScreen.storyboard; sourceTree = "<group>"; };
		2BD86315219B702400F10CF1 /* Info.plist */ = {isa = PBXFileReference; lastKnownFileType = text.plist.xml; path = Info.plist; sourceTree = "<group>"; };
		2BD8631B219B710D00F10CF1 /* Song.swift */ = {isa = PBXFileReference; lastKnownFileType = sourcecode.swift; path = Song.swift; sourceTree = "<group>"; };
		2BD8631D219B8BCC00F10CF1 /* CustomCell.swift */ = {isa = PBXFileReference; lastKnownFileType = sourcecode.swift; path = CustomCell.swift; sourceTree = "<group>"; };
		2BD8631F219B8E5600F10CF1 /* DB.swift */ = {isa = PBXFileReference; lastKnownFileType = sourcecode.swift; path = DB.swift; sourceTree = "<group>"; };
		2BD86321219B92A200F10CF1 /* Player.swift */ = {isa = PBXFileReference; lastKnownFileType = sourcecode.swift; path = Player.swift; sourceTree = "<group>"; };
		2BD86323219B9B0000F10CF1 /* Assets.xcassets */ = {isa = PBXFileReference; lastKnownFileType = folder.assetcatalog; path = Assets.xcassets; sourceTree = "<group>"; };
		2BD86325219B9B4F00F10CF1 /* 0.mp3 */ = {isa = PBXFileReference; lastKnownFileType = audio.mp3; path = 0.mp3; sourceTree = "<group>"; };
		2BD86326219B9B4F00F10CF1 /* 1.mp3 */ = {isa = PBXFileReference; lastKnownFileType = audio.mp3; path = 1.mp3; sourceTree = "<group>"; };
		2BD86327219B9B4F00F10CF1 /* 2.mp3 */ = {isa = PBXFileReference; lastKnownFileType = audio.mp3; path = 2.mp3; sourceTree = "<group>"; };
/* End PBXFileReference section */

/* Begin PBXFrameworksBuildPhase section */
		2BD86303219B702300F10CF1 /* Frameworks */ = {
			isa = PBXFrameworksBuildPhase;
			buildActionMask = 2147483647;
			files = (
			);
			runOnlyForDeploymentPostprocessing = 0;
		};
/* End PBXFrameworksBuildPhase section */

/* Begin PBXGroup section */
		2BD862FD219B702300F10CF1 = {
			isa = PBXGroup;
			children = (
				2BD86308219B702300F10CF1 /* SO 53201581 */,
				2BD86307219B702300F10CF1 /* Products */,
			);
			sourceTree = "<group>";
		};
		2BD86307219B702300F10CF1 /* Products */ = {
			isa = PBXGroup;
			children = (
				2BD86306219B702300F10CF1 /* SO 53201581.app */,
			);
			name = Products;
			sourceTree = "<group>";
		};
		2BD86308219B702300F10CF1 /* SO 53201581 */ = {
			isa = PBXGroup;
			children = (
				2BD86309219B702300F10CF1 /* AppDelegate.swift */,
				2BD8630B219B702300F10CF1 /* ViewController.swift */,
				2BD8630D219B702300F10CF1 /* Main.storyboard */,
				2BD86312219B702400F10CF1 /* LaunchScreen.storyboard */,
				2BD8632B219B9B8500F10CF1 /* Music */,
				2BD86323219B9B0000F10CF1 /* Assets.xcassets */,
				2BD86315219B702400F10CF1 /* Info.plist */,
				2BD8631D219B8BCC00F10CF1 /* CustomCell.swift */,
				2BD8631B219B710D00F10CF1 /* Song.swift */,
				2BD8631F219B8E5600F10CF1 /* DB.swift */,
				2BD86321219B92A200F10CF1 /* Player.swift */,
			);
			path = "SO 53201581";
			sourceTree = "<group>";
		};
		2BD8632B219B9B8500F10CF1 /* Music */ = {
			isa = PBXGroup;
			children = (
				2BD86325219B9B4F00F10CF1 /* 0.mp3 */,
				2BD86326219B9B4F00F10CF1 /* 1.mp3 */,
				2BD86327219B9B4F00F10CF1 /* 2.mp3 */,
			);
			path = Music;
			sourceTree = "<group>";
		};
/* End PBXGroup section */

/* Begin PBXNativeTarget section */
		2BD86305219B702300F10CF1 /* SO 53201581 */ = {
			isa = PBXNativeTarget;
			buildConfigurationList = 2BD86318219B702400F10CF1 /* Build configuration list for PBXNativeTarget "SO 53201581" */;
			buildPhases = (
				2BD86302219B702300F10CF1 /* Sources */,
				2BD86303219B702300F10CF1 /* Frameworks */,
				2BD86304219B702300F10CF1 /* Resources */,
			);
			buildRules = (
			);
			dependencies = (
			);
			name = "SO 53201581";
			productName = "SO 49204823";
			productReference = 2BD86306219B702300F10CF1 /* SO 53201581.app */;
			productType = "com.apple.product-type.application";
		};
/* End PBXNativeTarget section */

/* Begin PBXProject section */
		2BD862FE219B702300F10CF1 /* Project object */ = {
			isa = PBXProject;
			attributes = {
				LastSwiftUpdateCheck = 1010;
				LastUpgradeCheck = 1010;
				ORGANIZATIONNAME = iCyrman;
				TargetAttributes = {
					2BD86305219B702300F10CF1 = {
						CreatedOnToolsVersion = 10.1;
					};
				};
			};
			buildConfigurationList = 2BD86301219B702300F10CF1 /* Build configuration list for PBXProject "SO 53201581" */;
			compatibilityVersion = "Xcode 9.3";
			developmentRegion = en;
			hasScannedForEncodings = 0;
			knownRegions = (
				en,
				Base,
			);
			mainGroup = 2BD862FD219B702300F10CF1;
			productRefGroup = 2BD86307219B702300F10CF1 /* Products */;
			projectDirPath = "";
			projectRoot = "";
			targets = (
				2BD86305219B702300F10CF1 /* SO 53201581 */,
			);
		};
/* End PBXProject section */

/* Begin PBXResourcesBuildPhase section */
		2BD86304219B702300F10CF1 /* Resources */ = {
			isa = PBXResourcesBuildPhase;
			buildActionMask = 2147483647;
			files = (
				2BD86314219B702400F10CF1 /* LaunchScreen.storyboard in Resources */,
				2BD86324219B9B0000F10CF1 /* Assets.xcassets in Resources */,
				2BD8630F219B702300F10CF1 /* Main.storyboard in Resources */,
				2BD8632A219B9B4F00F10CF1 /* 2.mp3 in Resources */,
				2BD86328219B9B4F00F10CF1 /* 0.mp3 in Resources */,
				2BD86329219B9B4F00F10CF1 /* 1.mp3 in Resources */,
			);
			runOnlyForDeploymentPostprocessing = 0;
		};
/* End PBXResourcesBuildPhase section */

/* Begin PBXSourcesBuildPhase section */
		2BD86302219B702300F10CF1 /* Sources */ = {
			isa = PBXSourcesBuildPhase;
			buildActionMask = 2147483647;
			files = (
				2BD8631C219B710D00F10CF1 /* Song.swift in Sources */,
				2BD8630C219B702300F10CF1 /* ViewController.swift in Sources */,
				2BD8631E219B8BCC00F10CF1 /* CustomCell.swift in Sources */,
				2BD86320219B8E5600F10CF1 /* DB.swift in Sources */,
				2BD86322219B92A200F10CF1 /* Player.swift in Sources */,
				2BD8630A219B702300F10CF1 /* AppDelegate.swift in Sources */,
			);
			runOnlyForDeploymentPostprocessing = 0;
		};
/* End PBXSourcesBuildPhase section */

/* Begin PBXVariantGroup section */
		2BD8630D219B702300F10CF1 /* Main.storyboard */ = {
			isa = PBXVariantGroup;
			children = (
				2BD8630E219B702300F10CF1 /* Base */,
			);
			name = Main.storyboard;
			sourceTree = "<group>";
		};
		2BD86312219B702400F10CF1 /* LaunchScreen.storyboard */ = {
			isa = PBXVariantGroup;
			children = (
				2BD86313219B702400F10CF1 /* Base */,
			);
			name = LaunchScreen.storyboard;
			sourceTree = "<group>";
		};
/* End PBXVariantGroup section */

/* Begin XCBuildConfiguration section */
		2BD86316219B702400F10CF1 /* Debug */ = {
			isa = XCBuildConfiguration;
			buildSettings = {
				ALWAYS_SEARCH_USER_PATHS = NO;
				CLANG_ANALYZER_NONNULL = YES;
				CLANG_ANALYZER_NUMBER_OBJECT_CONVERSION = YES_AGGRESSIVE;
				CLANG_CXX_LANGUAGE_STANDARD = "gnu++14";
				CLANG_CXX_LIBRARY = "libc++";
				CLANG_ENABLE_MODULES = YES;
				CLANG_ENABLE_OBJC_ARC = YES;
				CLANG_ENABLE_OBJC_WEAK = YES;
				CLANG_WARN_BLOCK_CAPTURE_AUTORELEASING = YES;
				CLANG_WARN_BOOL_CONVERSION = YES;
				CLANG_WARN_COMMA = YES;
				CLANG_WARN_CONSTANT_CONVERSION = YES;
				CLANG_WARN_DEPRECATED_OBJC_IMPLEMENTATIONS = YES;
				CLANG_WARN_DIRECT_OBJC_ISA_USAGE = YES_ERROR;
				CLANG_WARN_DOCUMENTATION_COMMENTS = YES;
				CLANG_WARN_EMPTY_BODY = YES;
				CLANG_WARN_ENUM_CONVERSION = YES;
				CLANG_WARN_INFINITE_RECURSION = YES;
				CLANG_WARN_INT_CONVERSION = YES;
				CLANG_WARN_NON_LITERAL_NULL_CONVERSION = YES;
				CLANG_WARN_OBJC_IMPLICIT_RETAIN_SELF = YES;
				CLANG_WARN_OBJC_LITERAL_CONVERSION = YES;
				CLANG_WARN_OBJC_ROOT_CLASS = YES_ERROR;
				CLANG_WARN_RANGE_LOOP_ANALYSIS = YES;
				CLANG_WARN_STRICT_PROTOTYPES = YES;
				CLANG_WARN_SUSPICIOUS_MOVE = YES;
				CLANG_WARN_UNGUARDED_AVAILABILITY = YES_AGGRESSIVE;
				CLANG_WARN_UNREACHABLE_CODE = YES;
				CLANG_WARN__DUPLICATE_METHOD_MATCH = YES;
				CODE_SIGN_IDENTITY = "iPhone Developer";
				COPY_PHASE_STRIP = NO;
				DEBUG_INFORMATION_FORMAT = dwarf;
				ENABLE_STRICT_OBJC_MSGSEND = YES;
				ENABLE_TESTABILITY = YES;
				GCC_C_LANGUAGE_STANDARD = gnu11;
				GCC_DYNAMIC_NO_PIC = NO;
				GCC_NO_COMMON_BLOCKS = YES;
				GCC_OPTIMIZATION_LEVEL = 0;
				GCC_PREPROCESSOR_DEFINITIONS = (
					"DEBUG=1",
					"$(inherited)",
				);
				GCC_WARN_64_TO_32_BIT_CONVERSION = YES;
				GCC_WARN_ABOUT_RETURN_TYPE = YES_ERROR;
				GCC_WARN_UNDECLARED_SELECTOR = YES;
				GCC_WARN_UNINITIALIZED_AUTOS = YES_AGGRESSIVE;
				GCC_WARN_UNUSED_FUNCTION = YES;
				GCC_WARN_UNUSED_VARIABLE = YES;
				IPHONEOS_DEPLOYMENT_TARGET = 12.1;
				MTL_ENABLE_DEBUG_INFO = INCLUDE_SOURCE;
				MTL_FAST_MATH = YES;
				ONLY_ACTIVE_ARCH = YES;
				SDKROOT = iphoneos;
				SWIFT_ACTIVE_COMPILATION_CONDITIONS = DEBUG;
				SWIFT_OPTIMIZATION_LEVEL = "-Onone";
			};
			name = Debug;
		};
		2BD86317219B702400F10CF1 /* Release */ = {
			isa = XCBuildConfiguration;
			buildSettings = {
				ALWAYS_SEARCH_USER_PATHS = NO;
				CLANG_ANALYZER_NONNULL = YES;
				CLANG_ANALYZER_NUMBER_OBJECT_CONVERSION = YES_AGGRESSIVE;
				CLANG_CXX_LANGUAGE_STANDARD = "gnu++14";
				CLANG_CXX_LIBRARY = "libc++";
				CLANG_ENABLE_MODULES = YES;
				CLANG_ENABLE_OBJC_ARC = YES;
				CLANG_ENABLE_OBJC_WEAK = YES;
				CLANG_WARN_BLOCK_CAPTURE_AUTORELEASING = YES;
				CLANG_WARN_BOOL_CONVERSION = YES;
				CLANG_WARN_COMMA = YES;
				CLANG_WARN_CONSTANT_CONVERSION = YES;
				CLANG_WARN_DEPRECATED_OBJC_IMPLEMENTATIONS = YES;
				CLANG_WARN_DIRECT_OBJC_ISA_USAGE = YES_ERROR;
				CLANG_WARN_DOCUMENTATION_COMMENTS = YES;
				CLANG_WARN_EMPTY_BODY = YES;
				CLANG_WARN_ENUM_CONVERSION = YES;
				CLANG_WARN_INFINITE_RECURSION = YES;
				CLANG_WARN_INT_CONVERSION = YES;
				CLANG_WARN_NON_LITERAL_NULL_CONVERSION = YES;
				CLANG_WARN_OBJC_IMPLICIT_RETAIN_SELF = YES;
				CLANG_WARN_OBJC_LITERAL_CONVERSION = YES;
				CLANG_WARN_OBJC_ROOT_CLASS = YES_ERROR;
				CLANG_WARN_RANGE_LOOP_ANALYSIS = YES;
				CLANG_WARN_STRICT_PROTOTYPES = YES;
				CLANG_WARN_SUSPICIOUS_MOVE = YES;
				CLANG_WARN_UNGUARDED_AVAILABILITY = YES_AGGRESSIVE;
				CLANG_WARN_UNREACHABLE_CODE = YES;
				CLANG_WARN__DUPLICATE_METHOD_MATCH = YES;
				CODE_SIGN_IDENTITY = "iPhone Developer";
				COPY_PHASE_STRIP = NO;
				DEBUG_INFORMATION_FORMAT = "dwarf-with-dsym";
				ENABLE_NS_ASSERTIONS = NO;
				ENABLE_STRICT_OBJC_MSGSEND = YES;
				GCC_C_LANGUAGE_STANDARD = gnu11;
				GCC_NO_COMMON_BLOCKS = YES;
				GCC_WARN_64_TO_32_BIT_CONVERSION = YES;
				GCC_WARN_ABOUT_RETURN_TYPE = YES_ERROR;
				GCC_WARN_UNDECLARED_SELECTOR = YES;
				GCC_WARN_UNINITIALIZED_AUTOS = YES_AGGRESSIVE;
				GCC_WARN_UNUSED_FUNCTION = YES;
				GCC_WARN_UNUSED_VARIABLE = YES;
				IPHONEOS_DEPLOYMENT_TARGET = 12.1;
				MTL_ENABLE_DEBUG_INFO = NO;
				MTL_FAST_MATH = YES;
				SDKROOT = iphoneos;
				SWIFT_COMPILATION_MODE = wholemodule;
				SWIFT_OPTIMIZATION_LEVEL = "-O";
				VALIDATE_PRODUCT = YES;
			};
			name = Release;
		};
		2BD86319219B702400F10CF1 /* Debug */ = {
			isa = XCBuildConfiguration;
			buildSettings = {
				ASSETCATALOG_COMPILER_APPICON_NAME = AppIcon;
				CODE_SIGN_STYLE = Automatic;
				DEVELOPMENT_TEAM = 3Y6GRLLJ38;
				INFOPLIST_FILE = "SO 53201581/Info.plist";
				LD_RUNPATH_SEARCH_PATHS = (
					"$(inherited)",
					"@executable_path/Frameworks",
				);
				PRODUCT_BUNDLE_IDENTIFIER = "com.iCyrman.SO-49204823";
				PRODUCT_NAME = "$(TARGET_NAME)";
				SWIFT_VERSION = 4.2;
				TARGETED_DEVICE_FAMILY = "1,2";
			};
			name = Debug;
		};
		2BD8631A219B702400F10CF1 /* Release */ = {
			isa = XCBuildConfiguration;
			buildSettings = {
				ASSETCATALOG_COMPILER_APPICON_NAME = AppIcon;
				CODE_SIGN_STYLE = Automatic;
				DEVELOPMENT_TEAM = 3Y6GRLLJ38;
				INFOPLIST_FILE = "SO 53201581/Info.plist";
				LD_RUNPATH_SEARCH_PATHS = (
					"$(inherited)",
					"@executable_path/Frameworks",
				);
				PRODUCT_BUNDLE_IDENTIFIER = "com.iCyrman.SO-49204823";
				PRODUCT_NAME = "$(TARGET_NAME)";
				SWIFT_VERSION = 4.2;
				TARGETED_DEVICE_FAMILY = "1,2";
			};
			name = Release;
		};
/* End XCBuildConfiguration section */

/* Begin XCConfigurationList section */
		2BD86301219B702300F10CF1 /* Build configuration list for PBXProject "SO 53201581" */ = {
			isa = XCConfigurationList;
			buildConfigurations = (
				2BD86316219B702400F10CF1 /* Debug */,
				2BD86317219B702400F10CF1 /* Release */,
			);
			defaultConfigurationIsVisible = 0;
			defaultConfigurationName = Release;
		};
		2BD86318219B702400F10CF1 /* Build configuration list for PBXNativeTarget "SO 53201581" */ = {
			isa = XCConfigurationList;
			buildConfigurations = (
				2BD86319219B702400F10CF1 /* Debug */,
				2BD8631A219B702400F10CF1 /* Release */,
			);
			defaultConfigurationIsVisible = 0;
			defaultConfigurationName = Release;
		};
/* End XCConfigurationList section */
	};
	rootObject = 2BD862FE219B702300F10CF1 /* Project object */;
}
